
Microsoft Visual Studio Solution File, Format Version 12.00
# Visual Studio Version 17
VisualStudioVersion = 17.2.32616.157
MinimumVisualStudioVersion = 10.0.40219.1
Project("{FAE04EC0-301F-11D3-BF4B-00C04F79EFBC}") = "Pong", "Pong.csproj", "{A7879D71-7B41-487D-8668-2632EA33DAFA}"
EndProject
Global
	GlobalSection(SolutionConfigurationPlatforms) = preSolution
		Debug|Any CPU = Debug|Any CPU
		Release|Any CPU = Release|Any CPU
	EndGlobalSection
	GlobalSection(ProjectConfigurationPlatforms) = postSolution
		{A7879D71-7B41-487D-8668-2632EA33DAFA}.Debug|Any CPU.ActiveCfg = Debug|Any CPU
		{A7879D71-7B41-487D-8668-2632EA33DAFA}.Debug|Any CPU.Build.0 = Debug|Any CPU
		{A7879D71-7B41-487D-8668-2632EA33DAFA}.Release|Any CPU.ActiveCfg = Release|Any CPU
		{A7879D71-7B41-487D-8668-2632EA33DAFA}.Release|Any CPU.Build.0 = Release|Any CPU
	EndGlobalSection
	GlobalSection(SolutionProperties) = preSolution
		HideSolutionNode = FALSE
	EndGlobalSection
	GlobalSection(ExtensibilityGlobals) = postSolution
		SolutionGuid = {E7AE736E-9904-4F89-835D-647E871538E5}
	EndGlobalSection
EndGlobal
